
Microsoft Visual Studio Solution File, Format Version 12.00
# Visual Studio Version 17
VisualStudioVersion = 17.4.33213.308
MinimumVisualStudioVersion = 10.0.40219.1
Project("{FAE04EC0-301F-11D3-BF4B-00C04F79EFBC}") = "My_Adventure_Game", "My_Adventure_Game\My_Adventure_Game.csproj", "{023766FE-68DB-42E1-A16E-56E858EE9F85}"
EndProject
Global
	GlobalSection(SolutionConfigurationPlatforms) = preSolution
		Debug|Any CPU = Debug|Any CPU
		Release|Any CPU = Release|Any CPU
	EndGlobalSection
	GlobalSection(ProjectConfigurationPlatforms) = postSolution
		{023766FE-68DB-42E1-A16E-56E858EE9F85}.Debug|Any CPU.ActiveCfg = Debug|Any CPU
		{023766FE-68DB-42E1-A16E-56E858EE9F85}.Debug|Any CPU.Build.0 = Debug|Any CPU
		{023766FE-68DB-42E1-A16E-56E858EE9F85}.Release|Any CPU.ActiveCfg = Release|Any CPU
		{023766FE-68DB-42E1-A16E-56E858EE9F85}.Release|Any CPU.Build.0 = Release|Any CPU
	EndGlobalSection
	GlobalSection(SolutionProperties) = preSolution
		HideSolutionNode = FALSE
	EndGlobalSection
	GlobalSection(ExtensibilityGlobals) = postSolution
		SolutionGuid = {25DAC90E-4516-4F90-8E04-A896B4A79F60}
	EndGlobalSection
EndGlobal
